{
  "name": "PlayWrightPack",
  "version": "1.0.0",
  "lockfileVersion": 2,
  "requires": true,
  "packages": {
    "": {
      "name": "PlayWrightPack",
      "version": "1.0.0",
      "license": "MIT",
      "dependencies": {
        "adm-zip": "^0.5.9",
        "playwright": "^1.24.2"
      },
      "bin": {
        "PlayWright_Pack": "app.js"
      }
    },
    "node_modules/adm-zip": {
      "version": "0.5.9",
      "resolved": "https://registry.npmjs.org/adm-zip/-/adm-zip-0.5.9.tgz",
      "integrity": "sha512-s+3fXLkeeLjZ2kLjCBwQufpI5fuN+kIGBxu6530nVQZGVol0d7Y/M88/xw9HGGUcJjKf8LutN3VPRUBq6N7Ajg==",
      "engines": {
        "node": ">=6.0"
      }
    },
    "node_modules/playwright": {
      "version": "1.24.2",
      "resolved": "https://registry.npmjs.org/playwright/-/playwright-1.24.2.tgz",
      "integrity": "sha512-iMWDLgaFRT+7dXsNeYwgl8nhLHsUrzFyaRVC+ftr++P1dVs70mPrFKBZrGp1fOKigHV9d1syC03IpPbqLKlPsg==",
      "hasInstallScript": true,
      "dependencies": {
        "playwright-core": "1.24.2"
      },
      "bin": {
        "playwright": "cli.js"
      },
      "engines": {
        "node": ">=14"
      }
    },
    "node_modules/playwright-core": {
      "version": "1.24.2",
      "resolved": "https://registry.npmjs.org/playwright-core/-/playwright-core-1.24.2.tgz",
      "integrity": "sha512-zfAoDoPY/0sDLsgSgLZwWmSCevIg1ym7CppBwllguVBNiHeixZkc1AdMuYUPZC6AdEYc4CxWEyLMBTw2YcmRrA==",
      "bin": {
        "playwright": "cli.js"
      },
      "engines": {
        "node": ">=14"
      }
    }
  },
  "dependencies": {
    "adm-zip": {
      "version": "0.5.9",
      "resolved": "https://registry.npmjs.org/adm-zip/-/adm-zip-0.5.9.tgz",
      "integrity": "sha512-s+3fXLkeeLjZ2kLjCBwQufpI5fuN+kIGBxu6530nVQZGVol0d7Y/M88/xw9HGGUcJjKf8LutN3VPRUBq6N7Ajg=="
    },
    "playwright": {
      "version": "1.24.2",
      "resolved": "https://registry.npmjs.org/playwright/-/playwright-1.24.2.tgz",
      "integrity": "sha512-iMWDLgaFRT+7dXsNeYwgl8nhLHsUrzFyaRVC+ftr++P1dVs70mPrFKBZrGp1fOKigHV9d1syC03IpPbqLKlPsg==",
      "requires": {
        "playwright-core": "1.24.2"
      }
    },
    "playwright-core": {
      "version": "1.24.2",
      "resolved": "https://registry.npmjs.org/playwright-core/-/playwright-core-1.24.2.tgz",
      "integrity": "sha512-zfAoDoPY/0sDLsgSgLZwWmSCevIg1ym7CppBwllguVBNiHeixZkc1AdMuYUPZC6AdEYc4CxWEyLMBTw2YcmRrA=="
    }
  }
}
